
Microsoft Visual Studio Solution File, Format Version 12.00
# Visual Studio 2013
VisualStudioVersion = 12.0.40629.0
MinimumVisualStudioVersion = 10.0.40219.1
Project("{FAE04EC0-301F-11D3-BF4B-00C04F79EFBC}") = "AdHOC_Automation_APP", "AdHOC_Automation_APP\AdHOC_Automation_APP.csproj", "{FE591823-558C-4627-B98F-09931A2494A2}"
EndProject
Global
	GlobalSection(SolutionConfigurationPlatforms) = preSolution
		Debug|Any CPU = Debug|Any CPU
		Release|Any CPU = Release|Any CPU
	EndGlobalSection
	GlobalSection(ProjectConfigurationPlatforms) = postSolution
		{FE591823-558C-4627-B98F-09931A2494A2}.Debug|Any CPU.ActiveCfg = Debug|Any CPU
		{FE591823-558C-4627-B98F-09931A2494A2}.Debug|Any CPU.Build.0 = Debug|Any CPU
		{FE591823-558C-4627-B98F-09931A2494A2}.Release|Any CPU.ActiveCfg = Release|Any CPU
		{FE591823-558C-4627-B98F-09931A2494A2}.Release|Any CPU.Build.0 = Release|Any CPU
		{FE591823-558C-4627-B98F-09931A2494A2}.Release|Any CPU.Deploy.0 = Release|Any CPU
	EndGlobalSection
	GlobalSection(SolutionProperties) = preSolution
		HideSolutionNode = FALSE
	EndGlobalSection
EndGlobal
